// !$*UTF8*$!
{
	archiveVersion = 1;
	classes = {
	};
	objectVersion = 56;
	objects = {

/* Begin PBXBuildFile section */
		8B2EF6E82CA3F0130074E31E /* AppDelegate.swift in Sources */ = {isa = PBXBuildFile; fileRef = 8B2EF6E72CA3F0130074E31E /* AppDelegate.swift */; };
		8B2EF6EA2CA3F0130074E31E /* SceneDelegate.swift in Sources */ = {isa = PBXBuildFile; fileRef = 8B2EF6E92CA3F0130074E31E /* SceneDelegate.swift */; };
		8B2EF6EF2CA3F0130074E31E /* Main.storyboard in Resources */ = {isa = PBXBuildFile; fileRef = 8B2EF6ED2CA3F0130074E31E /* Main.storyboard */; };
		8B2EF6F12CA3F0140074E31E /* Assets.xcassets in Resources */ = {isa = PBXBuildFile; fileRef = 8B2EF6F02CA3F0140074E31E /* Assets.xcassets */; };
		8B2EF6F42CA3F0140074E31E /* LaunchScreen.storyboard in Resources */ = {isa = PBXBuildFile; fileRef = 8B2EF6F22CA3F0140074E31E /* LaunchScreen.storyboard */; };
		8B2EF6FF2CA3F0140074E31E /* WeatherAppTests.swift in Sources */ = {isa = PBXBuildFile; fileRef = 8B2EF6FE2CA3F0140074E31E /* WeatherAppTests.swift */; };
		8B2EF7092CA3F0140074E31E /* WeatherAppUITests.swift in Sources */ = {isa = PBXBuildFile; fileRef = 8B2EF7082CA3F0140074E31E /* WeatherAppUITests.swift */; };
		8B2EF70B2CA3F0140074E31E /* WeatherAppUITestsLaunchTests.swift in Sources */ = {isa = PBXBuildFile; fileRef = 8B2EF70A2CA3F0140074E31E /* WeatherAppUITestsLaunchTests.swift */; };
		8B2EF7192CA3F4580074E31E /* WeatherListTableViewController.swift in Sources */ = {isa = PBXBuildFile; fileRef = 8B2EF7182CA3F4580074E31E /* WeatherListTableViewController.swift */; };
		8B2EF71B2CA3F47A0074E31E /* AddWeatherCityViewController.swift in Sources */ = {isa = PBXBuildFile; fileRef = 8B2EF71A2CA3F47A0074E31E /* AddWeatherCityViewController.swift */; };
		8B2EF71E2CA3F7C60074E31E /* WeatherCell.swift in Sources */ = {isa = PBXBuildFile; fileRef = 8B2EF71D2CA3F7C60074E31E /* WeatherCell.swift */; };
/* End PBXBuildFile section */

/* Begin PBXContainerItemProxy section */
		8B2EF6FB2CA3F0140074E31E /* PBXContainerItemProxy */ = {
			isa = PBXContainerItemProxy;
			containerPortal = 8B2EF6DC2CA3F0130074E31E /* Project object */;
			proxyType = 1;
			remoteGlobalIDString = 8B2EF6E32CA3F0130074E31E;
			remoteInfo = WeatherApp;
		};
		8B2EF7052CA3F0140074E31E /* PBXContainerItemProxy */ = {
			isa = PBXContainerItemProxy;
			containerPortal = 8B2EF6DC2CA3F0130074E31E /* Project object */;
			proxyType = 1;
			remoteGlobalIDString = 8B2EF6E32CA3F0130074E31E;
			remoteInfo = WeatherApp;
		};
/* End PBXContainerItemProxy section */

/* Begin PBXFileReference section */
		8B2EF6E42CA3F0130074E31E /* WeatherApp.app */ = {isa = PBXFileReference; explicitFileType = wrapper.application; includeInIndex = 0; path = WeatherApp.app; sourceTree = BUILT_PRODUCTS_DIR; };
		8B2EF6E72CA3F0130074E31E /* AppDelegate.swift */ = {isa = PBXFileReference; lastKnownFileType = sourcecode.swift; path = AppDelegate.swift; sourceTree = "<group>"; };
		8B2EF6E92CA3F0130074E31E /* SceneDelegate.swift */ = {isa = PBXFileReference; lastKnownFileType = sourcecode.swift; path = SceneDelegate.swift; sourceTree = "<group>"; };
		8B2EF6EE2CA3F0130074E31E /* Base */ = {isa = PBXFileReference; lastKnownFileType = file.storyboard; name = Base; path = Base.lproj/Main.storyboard; sourceTree = "<group>"; };
		8B2EF6F02CA3F0140074E31E /* Assets.xcassets */ = {isa = PBXFileReference; lastKnownFileType = folder.assetcatalog; path = Assets.xcassets; sourceTree = "<group>"; };
		8B2EF6F32CA3F0140074E31E /* Base */ = {isa = PBXFileReference; lastKnownFileType = file.storyboard; name = Base; path = Base.lproj/LaunchScreen.storyboard; sourceTree = "<group>"; };
		8B2EF6F52CA3F0140074E31E /* Info.plist */ = {isa = PBXFileReference; lastKnownFileType = text.plist.xml; path = Info.plist; sourceTree = "<group>"; };
		8B2EF6FA2CA3F0140074E31E /* WeatherAppTests.xctest */ = {isa = PBXFileReference; explicitFileType = wrapper.cfbundle; includeInIndex = 0; path = WeatherAppTests.xctest; sourceTree = BUILT_PRODUCTS_DIR; };
		8B2EF6FE2CA3F0140074E31E /* WeatherAppTests.swift */ = {isa = PBXFileReference; lastKnownFileType = sourcecode.swift; path = WeatherAppTests.swift; sourceTree = "<group>"; };
		8B2EF7042CA3F0140074E31E /* WeatherAppUITests.xctest */ = {isa = PBXFileReference; explicitFileType = wrapper.cfbundle; includeInIndex = 0; path = WeatherAppUITests.xctest; sourceTree = BUILT_PRODUCTS_DIR; };
		8B2EF7082CA3F0140074E31E /* WeatherAppUITests.swift */ = {isa = PBXFileReference; lastKnownFileType = sourcecode.swift; path = WeatherAppUITests.swift; sourceTree = "<group>"; };
		8B2EF70A2CA3F0140074E31E /* WeatherAppUITestsLaunchTests.swift */ = {isa = PBXFileReference; lastKnownFileType = sourcecode.swift; path = WeatherAppUITestsLaunchTests.swift; sourceTree = "<group>"; };
		8B2EF7182CA3F4580074E31E /* WeatherListTableViewController.swift */ = {isa = PBXFileReference; lastKnownFileType = sourcecode.swift; path = WeatherListTableViewController.swift; sourceTree = "<group>"; };
		8B2EF71A2CA3F47A0074E31E /* AddWeatherCityViewController.swift */ = {isa = PBXFileReference; lastKnownFileType = sourcecode.swift; path = AddWeatherCityViewController.swift; sourceTree = "<group>"; };
		8B2EF71D2CA3F7C60074E31E /* WeatherCell.swift */ = {isa = PBXFileReference; lastKnownFileType = sourcecode.swift; path = WeatherCell.swift; sourceTree = "<group>"; };
/* End PBXFileReference section */

/* Begin PBXFrameworksBuildPhase section */
		8B2EF6E12CA3F0130074E31E /* Frameworks */ = {
			isa = PBXFrameworksBuildPhase;
			buildActionMask = 2147483647;
			files = (
			);
			runOnlyForDeploymentPostprocessing = 0;
		};
		8B2EF6F72CA3F0140074E31E /* Frameworks */ = {
			isa = PBXFrameworksBuildPhase;
			buildActionMask = 2147483647;
			files = (
			);
			runOnlyForDeploymentPostprocessing = 0;
		};
		8B2EF7012CA3F0140074E31E /* Frameworks */ = {
			isa = PBXFrameworksBuildPhase;
			buildActionMask = 2147483647;
			files = (
			);
			runOnlyForDeploymentPostprocessing = 0;
		};
/* End PBXFrameworksBuildPhase section */

/* Begin PBXGroup section */
		8B2EF6DB2CA3F0130074E31E = {
			isa = PBXGroup;
			children = (
				8B2EF6E62CA3F0130074E31E /* WeatherApp */,
				8B2EF6FD2CA3F0140074E31E /* WeatherAppTests */,
				8B2EF7072CA3F0140074E31E /* WeatherAppUITests */,
				8B2EF6E52CA3F0130074E31E /* Products */,
			);
			sourceTree = "<group>";
		};
		8B2EF6E52CA3F0130074E31E /* Products */ = {
			isa = PBXGroup;
			children = (
				8B2EF6E42CA3F0130074E31E /* WeatherApp.app */,
				8B2EF6FA2CA3F0140074E31E /* WeatherAppTests.xctest */,
				8B2EF7042CA3F0140074E31E /* WeatherAppUITests.xctest */,
			);
			name = Products;
			sourceTree = "<group>";
		};
		8B2EF6E62CA3F0130074E31E /* WeatherApp */ = {
			isa = PBXGroup;
			children = (
				8B2EF71C2CA3F7AD0074E31E /* Custom Cells */,
				8B2EF7172CA3F4460074E31E /* Controllers */,
				8B2EF6E72CA3F0130074E31E /* AppDelegate.swift */,
				8B2EF6E92CA3F0130074E31E /* SceneDelegate.swift */,
				8B2EF6ED2CA3F0130074E31E /* Main.storyboard */,
				8B2EF6F02CA3F0140074E31E /* Assets.xcassets */,
				8B2EF6F22CA3F0140074E31E /* LaunchScreen.storyboard */,
				8B2EF6F52CA3F0140074E31E /* Info.plist */,
			);
			path = WeatherApp;
			sourceTree = "<group>";
		};
		8B2EF6FD2CA3F0140074E31E /* WeatherAppTests */ = {
			isa = PBXGroup;
			children = (
				8B2EF6FE2CA3F0140074E31E /* WeatherAppTests.swift */,
			);
			path = WeatherAppTests;
			sourceTree = "<group>";
		};
		8B2EF7072CA3F0140074E31E /* WeatherAppUITests */ = {
			isa = PBXGroup;
			children = (
				8B2EF7082CA3F0140074E31E /* WeatherAppUITests.swift */,
				8B2EF70A2CA3F0140074E31E /* WeatherAppUITestsLaunchTests.swift */,
			);
			path = WeatherAppUITests;
			sourceTree = "<group>";
		};
		8B2EF7172CA3F4460074E31E /* Controllers */ = {
			isa = PBXGroup;
			children = (
				8B2EF7182CA3F4580074E31E /* WeatherListTableViewController.swift */,
				8B2EF71A2CA3F47A0074E31E /* AddWeatherCityViewController.swift */,
			);
			path = Controllers;
			sourceTree = "<group>";
		};
		8B2EF71C2CA3F7AD0074E31E /* Custom Cells */ = {
			isa = PBXGroup;
			children = (
				8B2EF71D2CA3F7C60074E31E /* WeatherCell.swift */,
			);
			path = "Custom Cells";
			sourceTree = "<group>";
		};
/* End PBXGroup section */

/* Begin PBXNativeTarget section */
		8B2EF6E32CA3F0130074E31E /* WeatherApp */ = {
			isa = PBXNativeTarget;
			buildConfigurationList = 8B2EF70E2CA3F0140074E31E /* Build configuration list for PBXNativeTarget "WeatherApp" */;
			buildPhases = (
				8B2EF6E02CA3F0130074E31E /* Sources */,
				8B2EF6E12CA3F0130074E31E /* Frameworks */,
				8B2EF6E22CA3F0130074E31E /* Resources */,
			);
			buildRules = (
			);
			dependencies = (
			);
			name = WeatherApp;
			productName = WeatherApp;
			productReference = 8B2EF6E42CA3F0130074E31E /* WeatherApp.app */;
			productType = "com.apple.product-type.application";
		};
		8B2EF6F92CA3F0140074E31E /* WeatherAppTests */ = {
			isa = PBXNativeTarget;
			buildConfigurationList = 8B2EF7112CA3F0140074E31E /* Build configuration list for PBXNativeTarget "WeatherAppTests" */;
			buildPhases = (
				8B2EF6F62CA3F0140074E31E /* Sources */,
				8B2EF6F72CA3F0140074E31E /* Frameworks */,
				8B2EF6F82CA3F0140074E31E /* Resources */,
			);
			buildRules = (
			);
			dependencies = (
				8B2EF6FC2CA3F0140074E31E /* PBXTargetDependency */,
			);
			name = WeatherAppTests;
			productName = WeatherAppTests;
			productReference = 8B2EF6FA2CA3F0140074E31E /* WeatherAppTests.xctest */;
			productType = "com.apple.product-type.bundle.unit-test";
		};
		8B2EF7032CA3F0140074E31E /* WeatherAppUITests */ = {
			isa = PBXNativeTarget;
			buildConfigurationList = 8B2EF7142CA3F0140074E31E /* Build configuration list for PBXNativeTarget "WeatherAppUITests" */;
			buildPhases = (
				8B2EF7002CA3F0140074E31E /* Sources */,
				8B2EF7012CA3F0140074E31E /* Frameworks */,
				8B2EF7022CA3F0140074E31E /* Resources */,
			);
			buildRules = (
			);
			dependencies = (
				8B2EF7062CA3F0140074E31E /* PBXTargetDependency */,
			);
			name = WeatherAppUITests;
			productName = WeatherAppUITests;
			productReference = 8B2EF7042CA3F0140074E31E /* WeatherAppUITests.xctest */;
			productType = "com.apple.product-type.bundle.ui-testing";
		};
/* End PBXNativeTarget section */

/* Begin PBXProject section */
		8B2EF6DC2CA3F0130074E31E /* Project object */ = {
			isa = PBXProject;
			attributes = {
				BuildIndependentTargetsInParallel = 1;
				LastSwiftUpdateCheck = 1430;
				LastUpgradeCheck = 1430;
				TargetAttributes = {
					8B2EF6E32CA3F0130074E31E = {
						CreatedOnToolsVersion = 14.3.1;
					};
					8B2EF6F92CA3F0140074E31E = {
						CreatedOnToolsVersion = 14.3.1;
						TestTargetID = 8B2EF6E32CA3F0130074E31E;
					};
					8B2EF7032CA3F0140074E31E = {
						CreatedOnToolsVersion = 14.3.1;
						TestTargetID = 8B2EF6E32CA3F0130074E31E;
					};
				};
			};
			buildConfigurationList = 8B2EF6DF2CA3F0130074E31E /* Build configuration list for PBXProject "WeatherApp" */;
			compatibilityVersion = "Xcode 14.0";
			developmentRegion = en;
			hasScannedForEncodings = 0;
			knownRegions = (
				en,
				Base,
			);
			mainGroup = 8B2EF6DB2CA3F0130074E31E;
			productRefGroup = 8B2EF6E52CA3F0130074E31E /* Products */;
			projectDirPath = "";
			projectRoot = "";
			targets = (
				8B2EF6E32CA3F0130074E31E /* WeatherApp */,
				8B2EF6F92CA3F0140074E31E /* WeatherAppTests */,
				8B2EF7032CA3F0140074E31E /* WeatherAppUITests */,
			);
		};
/* End PBXProject section */

/* Begin PBXResourcesBuildPhase section */
		8B2EF6E22CA3F0130074E31E /* Resources */ = {
			isa = PBXResourcesBuildPhase;
			buildActionMask = 2147483647;
			files = (
				8B2EF6F42CA3F0140074E31E /* LaunchScreen.storyboard in Resources */,
				8B2EF6F12CA3F0140074E31E /* Assets.xcassets in Resources */,
				8B2EF6EF2CA3F0130074E31E /* Main.storyboard in Resources */,
			);
			runOnlyForDeploymentPostprocessing = 0;
		};
		8B2EF6F82CA3F0140074E31E /* Resources */ = {
			isa = PBXResourcesBuildPhase;
			buildActionMask = 2147483647;
			files = (
			);
			runOnlyForDeploymentPostprocessing = 0;
		};
		8B2EF7022CA3F0140074E31E /* Resources */ = {
			isa = PBXResourcesBuildPhase;
			buildActionMask = 2147483647;
			files = (
			);
			runOnlyForDeploymentPostprocessing = 0;
		};
/* End PBXResourcesBuildPhase section */

/* Begin PBXSourcesBuildPhase section */
		8B2EF6E02CA3F0130074E31E /* Sources */ = {
			isa = PBXSourcesBuildPhase;
			buildActionMask = 2147483647;
			files = (
				8B2EF7192CA3F4580074E31E /* WeatherListTableViewController.swift in Sources */,
				8B2EF6E82CA3F0130074E31E /* AppDelegate.swift in Sources */,
				8B2EF71E2CA3F7C60074E31E /* WeatherCell.swift in Sources */,
				8B2EF71B2CA3F47A0074E31E /* AddWeatherCityViewController.swift in Sources */,
				8B2EF6EA2CA3F0130074E31E /* SceneDelegate.swift in Sources */,
			);
			runOnlyForDeploymentPostprocessing = 0;
		};
		8B2EF6F62CA3F0140074E31E /* Sources */ = {
			isa = PBXSourcesBuildPhase;
			buildActionMask = 2147483647;
			files = (
				8B2EF6FF2CA3F0140074E31E /* WeatherAppTests.swift in Sources */,
			);
			runOnlyForDeploymentPostprocessing = 0;
		};
		8B2EF7002CA3F0140074E31E /* Sources */ = {
			isa = PBXSourcesBuildPhase;
			buildActionMask = 2147483647;
			files = (
				8B2EF7092CA3F0140074E31E /* WeatherAppUITests.swift in Sources */,
				8B2EF70B2CA3F0140074E31E /* WeatherAppUITestsLaunchTests.swift in Sources */,
			);
			runOnlyForDeploymentPostprocessing = 0;
		};
/* End PBXSourcesBuildPhase section */

/* Begin PBXTargetDependency section */
		8B2EF6FC2CA3F0140074E31E /* PBXTargetDependency */ = {
			isa = PBXTargetDependency;
			target = 8B2EF6E32CA3F0130074E31E /* WeatherApp */;
			targetProxy = 8B2EF6FB2CA3F0140074E31E /* PBXContainerItemProxy */;
		};
		8B2EF7062CA3F0140074E31E /* PBXTargetDependency */ = {
			isa = PBXTargetDependency;
			target = 8B2EF6E32CA3F0130074E31E /* WeatherApp */;
			targetProxy = 8B2EF7052CA3F0140074E31E /* PBXContainerItemProxy */;
		};
/* End PBXTargetDependency section */

/* Begin PBXVariantGroup section */
		8B2EF6ED2CA3F0130074E31E /* Main.storyboard */ = {
			isa = PBXVariantGroup;
			children = (
				8B2EF6EE2CA3F0130074E31E /* Base */,
			);
			name = Main.storyboard;
			sourceTree = "<group>";
		};
		8B2EF6F22CA3F0140074E31E /* LaunchScreen.storyboard */ = {
			isa = PBXVariantGroup;
			children = (
				8B2EF6F32CA3F0140074E31E /* Base */,
			);
			name = LaunchScreen.storyboard;
			sourceTree = "<group>";
		};
/* End PBXVariantGroup section */

/* Begin XCBuildConfiguration section */
		8B2EF70C2CA3F0140074E31E /* Debug */ = {
			isa = XCBuildConfiguration;
			buildSettings = {
				ALWAYS_SEARCH_USER_PATHS = NO;
				CLANG_ANALYZER_NONNULL = YES;
				CLANG_ANALYZER_NUMBER_OBJECT_CONVERSION = YES_AGGRESSIVE;
				CLANG_CXX_LANGUAGE_STANDARD = "gnu++20";
				CLANG_ENABLE_MODULES = YES;
				CLANG_ENABLE_OBJC_ARC = YES;
				CLANG_ENABLE_OBJC_WEAK = YES;
				CLANG_WARN_BLOCK_CAPTURE_AUTORELEASING = YES;
				CLANG_WARN_BOOL_CONVERSION = YES;
				CLANG_WARN_COMMA = YES;
				CLANG_WARN_CONSTANT_CONVERSION = YES;
				CLANG_WARN_DEPRECATED_OBJC_IMPLEMENTATIONS = YES;
				CLANG_WARN_DIRECT_OBJC_ISA_USAGE = YES_ERROR;
				CLANG_WARN_DOCUMENTATION_COMMENTS = YES;
				CLANG_WARN_EMPTY_BODY = YES;
				CLANG_WARN_ENUM_CONVERSION = YES;
				CLANG_WARN_INFINITE_RECURSION = YES;
				CLANG_WARN_INT_CONVERSION = YES;
				CLANG_WARN_NON_LITERAL_NULL_CONVERSION = YES;
				CLANG_WARN_OBJC_IMPLICIT_RETAIN_SELF = YES;
				CLANG_WARN_OBJC_LITERAL_CONVERSION = YES;
				CLANG_WARN_OBJC_ROOT_CLASS = YES_ERROR;
				CLANG_WARN_QUOTED_INCLUDE_IN_FRAMEWORK_HEADER = YES;
				CLANG_WARN_RANGE_LOOP_ANALYSIS = YES;
				CLANG_WARN_STRICT_PROTOTYPES = YES;
				CLANG_WARN_SUSPICIOUS_MOVE = YES;
				CLANG_WARN_UNGUARDED_AVAILABILITY = YES_AGGRESSIVE;
				CLANG_WARN_UNREACHABLE_CODE = YES;
				CLANG_WARN__DUPLICATE_METHOD_MATCH = YES;
				COPY_PHASE_STRIP = NO;
				DEBUG_INFORMATION_FORMAT = dwarf;
				ENABLE_STRICT_OBJC_MSGSEND = YES;
				ENABLE_TESTABILITY = YES;
				GCC_C_LANGUAGE_STANDARD = gnu11;
				GCC_DYNAMIC_NO_PIC = NO;
				GCC_NO_COMMON_BLOCKS = YES;
				GCC_OPTIMIZATION_LEVEL = 0;
				GCC_PREPROCESSOR_DEFINITIONS = (
					"DEBUG=1",
					"$(inherited)",
				);
				GCC_WARN_64_TO_32_BIT_CONVERSION = YES;
				GCC_WARN_ABOUT_RETURN_TYPE = YES_ERROR;
				GCC_WARN_UNDECLARED_SELECTOR = YES;
				GCC_WARN_UNINITIALIZED_AUTOS = YES_AGGRESSIVE;
				GCC_WARN_UNUSED_FUNCTION = YES;
				GCC_WARN_UNUSED_VARIABLE = YES;
				IPHONEOS_DEPLOYMENT_TARGET = 16.4;
				MTL_ENABLE_DEBUG_INFO = INCLUDE_SOURCE;
				MTL_FAST_MATH = YES;
				ONLY_ACTIVE_ARCH = YES;
				SDKROOT = iphoneos;
				SWIFT_ACTIVE_COMPILATION_CONDITIONS = DEBUG;
				SWIFT_OPTIMIZATION_LEVEL = "-Onone";
			};
			name = Debug;
		};
		8B2EF70D2CA3F0140074E31E /* Release */ = {
			isa = XCBuildConfiguration;
			buildSettings = {
				ALWAYS_SEARCH_USER_PATHS = NO;
				CLANG_ANALYZER_NONNULL = YES;
				CLANG_ANALYZER_NUMBER_OBJECT_CONVERSION = YES_AGGRESSIVE;
				CLANG_CXX_LANGUAGE_STANDARD = "gnu++20";
				CLANG_ENABLE_MODULES = YES;
				CLANG_ENABLE_OBJC_ARC = YES;
				CLANG_ENABLE_OBJC_WEAK = YES;
				CLANG_WARN_BLOCK_CAPTURE_AUTORELEASING = YES;
				CLANG_WARN_BOOL_CONVERSION = YES;
				CLANG_WARN_COMMA = YES;
				CLANG_WARN_CONSTANT_CONVERSION = YES;
				CLANG_WARN_DEPRECATED_OBJC_IMPLEMENTATIONS = YES;
				CLANG_WARN_DIRECT_OBJC_ISA_USAGE = YES_ERROR;
				CLANG_WARN_DOCUMENTATION_COMMENTS = YES;
				CLANG_WARN_EMPTY_BODY = YES;
				CLANG_WARN_ENUM_CONVERSION = YES;
				CLANG_WARN_INFINITE_RECURSION = YES;
				CLANG_WARN_INT_CONVERSION = YES;
				CLANG_WARN_NON_LITERAL_NULL_CONVERSION = YES;
				CLANG_WARN_OBJC_IMPLICIT_RETAIN_SELF = YES;
				CLANG_WARN_OBJC_LITERAL_CONVERSION = YES;
				CLANG_WARN_OBJC_ROOT_CLASS = YES_ERROR;
				CLANG_WARN_QUOTED_INCLUDE_IN_FRAMEWORK_HEADER = YES;
				CLANG_WARN_RANGE_LOOP_ANALYSIS = YES;
				CLANG_WARN_STRICT_PROTOTYPES = YES;
				CLANG_WARN_SUSPICIOUS_MOVE = YES;
				CLANG_WARN_UNGUARDED_AVAILABILITY = YES_AGGRESSIVE;
				CLANG_WARN_UNREACHABLE_CODE = YES;
				CLANG_WARN__DUPLICATE_METHOD_MATCH = YES;
				COPY_PHASE_STRIP = NO;
				DEBUG_INFORMATION_FORMAT = "dwarf-with-dsym";
				ENABLE_NS_ASSERTIONS = NO;
				ENABLE_STRICT_OBJC_MSGSEND = YES;
				GCC_C_LANGUAGE_STANDARD = gnu11;
				GCC_NO_COMMON_BLOCKS = YES;
				GCC_WARN_64_TO_32_BIT_CONVERSION = YES;
				GCC_WARN_ABOUT_RETURN_TYPE = YES_ERROR;
				GCC_WARN_UNDECLARED_SELECTOR = YES;
				GCC_WARN_UNINITIALIZED_AUTOS = YES_AGGRESSIVE;
				GCC_WARN_UNUSED_FUNCTION = YES;
				GCC_WARN_UNUSED_VARIABLE = YES;
				IPHONEOS_DEPLOYMENT_TARGET = 16.4;
				MTL_ENABLE_DEBUG_INFO = NO;
				MTL_FAST_MATH = YES;
				SDKROOT = iphoneos;
				SWIFT_COMPILATION_MODE = wholemodule;
				SWIFT_OPTIMIZATION_LEVEL = "-O";
				VALIDATE_PRODUCT = YES;
			};
			name = Release;
		};
		8B2EF70F2CA3F0140074E31E /* Debug */ = {
			isa = XCBuildConfiguration;
			buildSettings = {
				ASSETCATALOG_COMPILER_APPICON_NAME = AppIcon;
				ASSETCATALOG_COMPILER_GLOBAL_ACCENT_COLOR_NAME = AccentColor;
				CODE_SIGN_STYLE = Automatic;
				CURRENT_PROJECT_VERSION = 1;
				GENERATE_INFOPLIST_FILE = YES;
				INFOPLIST_FILE = WeatherApp/Info.plist;
				INFOPLIST_KEY_UIApplicationSupportsIndirectInputEvents = YES;
				INFOPLIST_KEY_UILaunchStoryboardName = LaunchScreen;
				INFOPLIST_KEY_UIMainStoryboardFile = Main;
				INFOPLIST_KEY_UISupportedInterfaceOrientations_iPad = "UIInterfaceOrientationPortrait UIInterfaceOrientationPortraitUpsideDown UIInterfaceOrientationLandscapeLeft UIInterfaceOrientationLandscapeRight";
				INFOPLIST_KEY_UISupportedInterfaceOrientations_iPhone = "UIInterfaceOrientationPortrait UIInterfaceOrientationLandscapeLeft UIInterfaceOrientationLandscapeRight";
				LD_RUNPATH_SEARCH_PATHS = (
					"$(inherited)",
					"@executable_path/Frameworks",
				);
				MARKETING_VERSION = 1.0;
				PRODUCT_BUNDLE_IDENTIFIER = hustin.WeatherApp;
				PRODUCT_NAME = "$(TARGET_NAME)";
				SWIFT_EMIT_LOC_STRINGS = YES;
				SWIFT_VERSION = 5.0;
				TARGETED_DEVICE_FAMILY = "1,2";
			};
			name = Debug;
		};
		8B2EF7102CA3F0140074E31E /* Release */ = {
			isa = XCBuildConfiguration;
			buildSettings = {
				ASSETCATALOG_COMPILER_APPICON_NAME = AppIcon;
				ASSETCATALOG_COMPILER_GLOBAL_ACCENT_COLOR_NAME = AccentColor;
				CODE_SIGN_STYLE = Automatic;
				CURRENT_PROJECT_VERSION = 1;
				GENERATE_INFOPLIST_FILE = YES;
				INFOPLIST_FILE = WeatherApp/Info.plist;
				INFOPLIST_KEY_UIApplicationSupportsIndirectInputEvents = YES;
				INFOPLIST_KEY_UILaunchStoryboardName = LaunchScreen;
				INFOPLIST_KEY_UIMainStoryboardFile = Main;
				INFOPLIST_KEY_UISupportedInterfaceOrientations_iPad = "UIInterfaceOrientationPortrait UIInterfaceOrientationPortraitUpsideDown UIInterfaceOrientationLandscapeLeft UIInterfaceOrientationLandscapeRight";
				INFOPLIST_KEY_UISupportedInterfaceOrientations_iPhone = "UIInterfaceOrientationPortrait UIInterfaceOrientationLandscapeLeft UIInterfaceOrientationLandscapeRight";
				LD_RUNPATH_SEARCH_PATHS = (
					"$(inherited)",
					"@executable_path/Frameworks",
				);
				MARKETING_VERSION = 1.0;
				PRODUCT_BUNDLE_IDENTIFIER = hustin.WeatherApp;
				PRODUCT_NAME = "$(TARGET_NAME)";
				SWIFT_EMIT_LOC_STRINGS = YES;
				SWIFT_VERSION = 5.0;
				TARGETED_DEVICE_FAMILY = "1,2";
			};
			name = Release;
		};
		8B2EF7122CA3F0140074E31E /* Debug */ = {
			isa = XCBuildConfiguration;
			buildSettings = {
				ALWAYS_EMBED_SWIFT_STANDARD_LIBRARIES = YES;
				BUNDLE_LOADER = "$(TEST_HOST)";
				CODE_SIGN_STYLE = Automatic;
				CURRENT_PROJECT_VERSION = 1;
				GENERATE_INFOPLIST_FILE = YES;
				IPHONEOS_DEPLOYMENT_TARGET = 16.4;
				MARKETING_VERSION = 1.0;
				PRODUCT_BUNDLE_IDENTIFIER = hustin.WeatherAppTests;
				PRODUCT_NAME = "$(TARGET_NAME)";
				SWIFT_EMIT_LOC_STRINGS = NO;
				SWIFT_VERSION = 5.0;
				TARGETED_DEVICE_FAMILY = "1,2";
				TEST_HOST = "$(BUILT_PRODUCTS_DIR)/WeatherApp.app/$(BUNDLE_EXECUTABLE_FOLDER_PATH)/WeatherApp";
			};
			name = Debug;
		};
		8B2EF7132CA3F0140074E31E /* Release */ = {
			isa = XCBuildConfiguration;
			buildSettings = {
				ALWAYS_EMBED_SWIFT_STANDARD_LIBRARIES = YES;
				BUNDLE_LOADER = "$(TEST_HOST)";
				CODE_SIGN_STYLE = Automatic;
				CURRENT_PROJECT_VERSION = 1;
				GENERATE_INFOPLIST_FILE = YES;
				IPHONEOS_DEPLOYMENT_TARGET = 16.4;
				MARKETING_VERSION = 1.0;
				PRODUCT_BUNDLE_IDENTIFIER = hustin.WeatherAppTests;
				PRODUCT_NAME = "$(TARGET_NAME)";
				SWIFT_EMIT_LOC_STRINGS = NO;
				SWIFT_VERSION = 5.0;
				TARGETED_DEVICE_FAMILY = "1,2";
				TEST_HOST = "$(BUILT_PRODUCTS_DIR)/WeatherApp.app/$(BUNDLE_EXECUTABLE_FOLDER_PATH)/WeatherApp";
			};
			name = Release;
		};
		8B2EF7152CA3F0140074E31E /* Debug */ = {
			isa = XCBuildConfiguration;
			buildSettings = {
				ALWAYS_EMBED_SWIFT_STANDARD_LIBRARIES = YES;
				CODE_SIGN_STYLE = Automatic;
				CURRENT_PROJECT_VERSION = 1;
				GENERATE_INFOPLIST_FILE = YES;
				MARKETING_VERSION = 1.0;
				PRODUCT_BUNDLE_IDENTIFIER = hustin.WeatherAppUITests;
				PRODUCT_NAME = "$(TARGET_NAME)";
				SWIFT_EMIT_LOC_STRINGS = NO;
				SWIFT_VERSION = 5.0;
				TARGETED_DEVICE_FAMILY = "1,2";
				TEST_TARGET_NAME = WeatherApp;
			};
			name = Debug;
		};
		8B2EF7162CA3F0140074E31E /* Release */ = {
			isa = XCBuildConfiguration;
			buildSettings = {
				ALWAYS_EMBED_SWIFT_STANDARD_LIBRARIES = YES;
				CODE_SIGN_STYLE = Automatic;
				CURRENT_PROJECT_VERSION = 1;
				GENERATE_INFOPLIST_FILE = YES;
				MARKETING_VERSION = 1.0;
				PRODUCT_BUNDLE_IDENTIFIER = hustin.WeatherAppUITests;
				PRODUCT_NAME = "$(TARGET_NAME)";
				SWIFT_EMIT_LOC_STRINGS = NO;
				SWIFT_VERSION = 5.0;
				TARGETED_DEVICE_FAMILY = "1,2";
				TEST_TARGET_NAME = WeatherApp;
			};
			name = Release;
		};
/* End XCBuildConfiguration section */

/* Begin XCConfigurationList section */
		8B2EF6DF2CA3F0130074E31E /* Build configuration list for PBXProject "WeatherApp" */ = {
			isa = XCConfigurationList;
			buildConfigurations = (
				8B2EF70C2CA3F0140074E31E /* Debug */,
				8B2EF70D2CA3F0140074E31E /* Release */,
			);
			defaultConfigurationIsVisible = 0;
			defaultConfigurationName = Release;
		};
		8B2EF70E2CA3F0140074E31E /* Build configuration list for PBXNativeTarget "WeatherApp" */ = {
			isa = XCConfigurationList;
			buildConfigurations = (
				8B2EF70F2CA3F0140074E31E /* Debug */,
				8B2EF7102CA3F0140074E31E /* Release */,
			);
			defaultConfigurationIsVisible = 0;
			defaultConfigurationName = Release;
		};
		8B2EF7112CA3F0140074E31E /* Build configuration list for PBXNativeTarget "WeatherAppTests" */ = {
			isa = XCConfigurationList;
			buildConfigurations = (
				8B2EF7122CA3F0140074E31E /* Debug */,
				8B2EF7132CA3F0140074E31E /* Release */,
			);
			defaultConfigurationIsVisible = 0;
			defaultConfigurationName = Release;
		};
		8B2EF7142CA3F0140074E31E /* Build configuration list for PBXNativeTarget "WeatherAppUITests" */ = {
			isa = XCConfigurationList;
			buildConfigurations = (
				8B2EF7152CA3F0140074E31E /* Debug */,
				8B2EF7162CA3F0140074E31E /* Release */,
			);
			defaultConfigurationIsVisible = 0;
			defaultConfigurationName = Release;
		};
/* End XCConfigurationList section */
	};
	rootObject = 8B2EF6DC2CA3F0130074E31E /* Project object */;
}
